{
  "version": "3",
  "packages": {
    "specifiers": {
      "npm:hono": "npm:hono@4.6.9",
      "npm:uuid": "npm:uuid@11.0.2"
    },
    "npm": {
      "hono@4.6.9": {
        "integrity": "sha512-p/pN5yZLuZaHzyAOT2nw2/Ud6HhJHYmDNGH6Ck1OWBhPMVeM1r74jbCRwNi0gyFRjjbsGgoHbOyj7mT1PDNbTw==",
        "dependencies": {}
      },
      "uuid@11.0.2": {
        "integrity": "sha512-14FfcOJmqdjbBPdDjFQyk/SdT4NySW4eM0zcG+HqbHP5jzuH56xO3J1DGhgs/cEMCfwYi3HQI1gnTO62iaG+tQ==",
        "dependencies": {}
      }
    }
  },
  "remote": {}
}
